// !$*UTF8*$!
{
	archiveVersion = 1;
	classes = {
	};
	objectVersion = 77;
	objects = {

/* Begin PBXBuildFile section */
		094FF7962E0F2AC100A212F7 /* FirebaseAuth in Frameworks */ = {isa = PBXBuildFile; productRef = 094FF7952E0F2AC100A212F7 /* FirebaseAuth */; };
		094FF7982E0F2AC100A212F7 /* FirebaseFirestore in Frameworks */ = {isa = PBXBuildFile; productRef = 094FF7972E0F2AC100A212F7 /* FirebaseFirestore */; };
		094FF79A2E0F2AC100A212F7 /* FirebaseStorage in Frameworks */ = {isa = PBXBuildFile; productRef = 094FF7992E0F2AC100A212F7 /* FirebaseStorage */; };
/* End PBXBuildFile section */

/* Begin PBXContainerItemProxy section */
		094FF7762E0F269D00A212F7 /* PBXContainerItemProxy */ = {
			isa = PBXContainerItemProxy;
			containerPortal = 094FF7602E0F269B00A212F7 /* Project object */;
			proxyType = 1;
			remoteGlobalIDString = 094FF7672E0F269B00A212F7;
			remoteInfo = A_E_Charting;
		};
		094FF7802E0F269D00A212F7 /* PBXContainerItemProxy */ = {
			isa = PBXContainerItemProxy;
			containerPortal = 094FF7602E0F269B00A212F7 /* Project object */;
			proxyType = 1;
			remoteGlobalIDString = 094FF7672E0F269B00A212F7;
			remoteInfo = A_E_Charting;
		};
/* End PBXContainerItemProxy section */

/* Begin PBXFileReference section */
		094FF7682E0F269B00A212F7 /* Pluckr.app */ = {isa = PBXFileReference; explicitFileType = wrapper.application; includeInIndex = 0; path = Pluckr.app; sourceTree = BUILT_PRODUCTS_DIR; };
		094FF7752E0F269D00A212F7 /* PluckrTests.xctest */ = {isa = PBXFileReference; explicitFileType = wrapper.cfbundle; includeInIndex = 0; path = PluckrTests.xctest; sourceTree = BUILT_PRODUCTS_DIR; };
		094FF77F2E0F269D00A212F7 /* PluckrUITests.xctest */ = {isa = PBXFileReference; explicitFileType = wrapper.cfbundle; includeInIndex = 0; path = PluckrUITests.xctest; sourceTree = BUILT_PRODUCTS_DIR; };
/* End PBXFileReference section */

/* Begin PBXFileSystemSynchronizedBuildFileExceptionSet section */
		0992633E2E14B1A6004C1952 /* Exceptions for "A_E_Charting" folder in "Pluckr" target */ = {
			isa = PBXFileSystemSynchronizedBuildFileExceptionSet;
			membershipExceptions = (
				Info.plist,
			);
			target = 094FF7672E0F269B00A212F7 /* Pluckr */;
		};
/* End PBXFileSystemSynchronizedBuildFileExceptionSet section */

/* Begin PBXFileSystemSynchronizedRootGroup section */
		094FF76A2E0F269B00A212F7 /* A_E_Charting */ = {
			isa = PBXFileSystemSynchronizedRootGroup;
			exceptions = (
				0992633E2E14B1A6004C1952 /* Exceptions for "A_E_Charting" folder in "Pluckr" target */,
			);
			path = A_E_Charting;
			sourceTree = "<group>";
		};
		094FF7782E0F269D00A212F7 /* A_E_ChartingTests */ = {
			isa = PBXFileSystemSynchronizedRootGroup;
			path = A_E_ChartingTests;
			sourceTree = "<group>";
		};
		094FF7822E0F269D00A212F7 /* A_E_ChartingUITests */ = {
			isa = PBXFileSystemSynchronizedRootGroup;
			path = A_E_ChartingUITests;
			sourceTree = "<group>";
		};
/* End PBXFileSystemSynchronizedRootGroup section */

/* Begin PBXFrameworksBuildPhase section */
		094FF7652E0F269B00A212F7 /* Frameworks */ = {
			isa = PBXFrameworksBuildPhase;
			buildActionMask = 2147483647;
			files = (
				094FF7962E0F2AC100A212F7 /* FirebaseAuth in Frameworks */,
				094FF7982E0F2AC100A212F7 /* FirebaseFirestore in Frameworks */,
				094FF79A2E0F2AC100A212F7 /* FirebaseStorage in Frameworks */,
			);
			runOnlyForDeploymentPostprocessing = 0;
		};
		094FF7722E0F269D00A212F7 /* Frameworks */ = {
			isa = PBXFrameworksBuildPhase;
			buildActionMask = 2147483647;
			files = (
			);
			runOnlyForDeploymentPostprocessing = 0;
		};
		094FF77C2E0F269D00A212F7 /* Frameworks */ = {
			isa = PBXFrameworksBuildPhase;
			buildActionMask = 2147483647;
			files = (
			);
			runOnlyForDeploymentPostprocessing = 0;
		};
/* End PBXFrameworksBuildPhase section */

/* Begin PBXGroup section */
		094FF75F2E0F269B00A212F7 = {
			isa = PBXGroup;
			children = (
				094FF76A2E0F269B00A212F7 /* A_E_Charting */,
				094FF7782E0F269D00A212F7 /* A_E_ChartingTests */,
				094FF7822E0F269D00A212F7 /* A_E_ChartingUITests */,
				094FF7692E0F269B00A212F7 /* Products */,
			);
			sourceTree = "<group>";
		};
		094FF7692E0F269B00A212F7 /* Products */ = {
			isa = PBXGroup;
			children = (
				094FF7682E0F269B00A212F7 /* Pluckr.app */,
				094FF7752E0F269D00A212F7 /* PluckrTests.xctest */,
				094FF77F2E0F269D00A212F7 /* PluckrUITests.xctest */,
			);
			name = Products;
			sourceTree = "<group>";
		};
/* End PBXGroup section */

/* Begin PBXNativeTarget section */
		094FF7672E0F269B00A212F7 /* Pluckr */ = {
			isa = PBXNativeTarget;
			buildConfigurationList = 094FF7892E0F269D00A212F7 /* Build configuration list for PBXNativeTarget "Pluckr" */;
			buildPhases = (
				094FF7642E0F269B00A212F7 /* Sources */,
				094FF7652E0F269B00A212F7 /* Frameworks */,
				094FF7662E0F269B00A212F7 /* Resources */,
			);
			buildRules = (
			);
			dependencies = (
			);
			fileSystemSynchronizedGroups = (
				094FF76A2E0F269B00A212F7 /* A_E_Charting */,
			);
			name = Pluckr;
			packageProductDependencies = (
				094FF7952E0F2AC100A212F7 /* FirebaseAuth */,
				094FF7972E0F2AC100A212F7 /* FirebaseFirestore */,
				094FF7992E0F2AC100A212F7 /* FirebaseStorage */,
			);
			productName = A_E_Charting;
			productReference = 094FF7682E0F269B00A212F7 /* Pluckr.app */;
			productType = "com.apple.product-type.application";
		};
		094FF7742E0F269D00A212F7 /* PluckrTests */ = {
			isa = PBXNativeTarget;
			buildConfigurationList = 094FF78C2E0F269D00A212F7 /* Build configuration list for PBXNativeTarget "PluckrTests" */;
			buildPhases = (
				094FF7712E0F269D00A212F7 /* Sources */,
				094FF7722E0F269D00A212F7 /* Frameworks */,
				094FF7732E0F269D00A212F7 /* Resources */,
			);
			buildRules = (
			);
			dependencies = (
				094FF7772E0F269D00A212F7 /* PBXTargetDependency */,
			);
			fileSystemSynchronizedGroups = (
				094FF7782E0F269D00A212F7 /* A_E_ChartingTests */,
			);
			name = PluckrTests;
			packageProductDependencies = (
			);
			productName = A_E_ChartingTests;
			productReference = 094FF7752E0F269D00A212F7 /* PluckrTests.xctest */;
			productType = "com.apple.product-type.bundle.unit-test";
		};
		094FF77E2E0F269D00A212F7 /* PluckrUITests */ = {
			isa = PBXNativeTarget;
			buildConfigurationList = 094FF78F2E0F269D00A212F7 /* Build configuration list for PBXNativeTarget "PluckrUITests" */;
			buildPhases = (
				094FF77B2E0F269D00A212F7 /* Sources */,
				094FF77C2E0F269D00A212F7 /* Frameworks */,
				094FF77D2E0F269D00A212F7 /* Resources */,
			);
			buildRules = (
			);
			dependencies = (
				094FF7812E0F269D00A212F7 /* PBXTargetDependency */,
			);
			fileSystemSynchronizedGroups = (
				094FF7822E0F269D00A212F7 /* A_E_ChartingUITests */,
			);
			name = PluckrUITests;
			packageProductDependencies = (
			);
			productName = A_E_ChartingUITests;
			productReference = 094FF77F2E0F269D00A212F7 /* PluckrUITests.xctest */;
			productType = "com.apple.product-type.bundle.ui-testing";
		};
/* End PBXNativeTarget section */

/* Begin PBXProject section */
		094FF7602E0F269B00A212F7 /* Project object */ = {
			isa = PBXProject;
			attributes = {
				BuildIndependentTargetsInParallel = 1;
				LastSwiftUpdateCheck = 1640;
				LastUpgradeCheck = 1640;
				TargetAttributes = {
					094FF7672E0F269B00A212F7 = {
						CreatedOnToolsVersion = 16.4;
					};
					094FF7742E0F269D00A212F7 = {
						CreatedOnToolsVersion = 16.4;
						TestTargetID = 094FF7672E0F269B00A212F7;
					};
					094FF77E2E0F269D00A212F7 = {
						CreatedOnToolsVersion = 16.4;
						TestTargetID = 094FF7672E0F269B00A212F7;
					};
				};
			};
			buildConfigurationList = 094FF7632E0F269B00A212F7 /* Build configuration list for PBXProject "Pluckr" */;
			developmentRegion = en;
			hasScannedForEncodings = 0;
			knownRegions = (
				en,
				Base,
			);
			mainGroup = 094FF75F2E0F269B00A212F7;
			minimizedProjectReferenceProxies = 1;
			packageReferences = (
				094FF7942E0F2AC100A212F7 /* XCRemoteSwiftPackageReference "firebase-ios-sdk" */,
			);
			preferredProjectObjectVersion = 77;
			productRefGroup = 094FF7692E0F269B00A212F7 /* Products */;
			projectDirPath = "";
			projectRoot = "";
			targets = (
				094FF7672E0F269B00A212F7 /* Pluckr */,
				094FF7742E0F269D00A212F7 /* PluckrTests */,
				094FF77E2E0F269D00A212F7 /* PluckrUITests */,
			);
		};
/* End PBXProject section */

/* Begin PBXResourcesBuildPhase section */
		094FF7662E0F269B00A212F7 /* Resources */ = {
			isa = PBXResourcesBuildPhase;
			buildActionMask = 2147483647;
			files = (
			);
			runOnlyForDeploymentPostprocessing = 0;
		};
		094FF7732E0F269D00A212F7 /* Resources */ = {
			isa = PBXResourcesBuildPhase;
			buildActionMask = 2147483647;
			files = (
			);
			runOnlyForDeploymentPostprocessing = 0;
		};
		094FF77D2E0F269D00A212F7 /* Resources */ = {
			isa = PBXResourcesBuildPhase;
			buildActionMask = 2147483647;
			files = (
			);
			runOnlyForDeploymentPostprocessing = 0;
		};
/* End PBXResourcesBuildPhase section */

/* Begin PBXSourcesBuildPhase section */
		094FF7642E0F269B00A212F7 /* Sources */ = {
			isa = PBXSourcesBuildPhase;
			buildActionMask = 2147483647;
			files = (
			);
			runOnlyForDeploymentPostprocessing = 0;
		};
		094FF7712E0F269D00A212F7 /* Sources */ = {
			isa = PBXSourcesBuildPhase;
			buildActionMask = 2147483647;
			files = (
			);
			runOnlyForDeploymentPostprocessing = 0;
		};
		094FF77B2E0F269D00A212F7 /* Sources */ = {
			isa = PBXSourcesBuildPhase;
			buildActionMask = 2147483647;
			files = (
			);
			runOnlyForDeploymentPostprocessing = 0;
		};
/* End PBXSourcesBuildPhase section */

/* Begin PBXTargetDependency section */
		094FF7772E0F269D00A212F7 /* PBXTargetDependency */ = {
			isa = PBXTargetDependency;
			target = 094FF7672E0F269B00A212F7 /* Pluckr */;
			targetProxy = 094FF7762E0F269D00A212F7 /* PBXContainerItemProxy */;
		};
		094FF7812E0F269D00A212F7 /* PBXTargetDependency */ = {
			isa = PBXTargetDependency;
			target = 094FF7672E0F269B00A212F7 /* Pluckr */;
			targetProxy = 094FF7802E0F269D00A212F7 /* PBXContainerItemProxy */;
		};
/* End PBXTargetDependency section */

/* Begin XCBuildConfiguration section */
		094FF7872E0F269D00A212F7 /* Debug */ = {
			isa = XCBuildConfiguration;
			buildSettings = {
				ALWAYS_SEARCH_USER_PATHS = NO;
				ASSETCATALOG_COMPILER_GENERATE_SWIFT_ASSET_SYMBOL_EXTENSIONS = YES;
				CLANG_ANALYZER_NONNULL = YES;
				CLANG_ANALYZER_NUMBER_OBJECT_CONVERSION = YES_AGGRESSIVE;
				CLANG_CXX_LANGUAGE_STANDARD = "gnu++20";
				CLANG_ENABLE_MODULES = YES;
				CLANG_ENABLE_OBJC_ARC = YES;
				CLANG_ENABLE_OBJC_WEAK = YES;
				CLANG_WARN_BLOCK_CAPTURE_AUTORELEASING = YES;
				CLANG_WARN_BOOL_CONVERSION = YES;
				CLANG_WARN_COMMA = YES;
				CLANG_WARN_CONSTANT_CONVERSION = YES;
				CLANG_WARN_DEPRECATED_OBJC_IMPLEMENTATIONS = YES;
				CLANG_WARN_DIRECT_OBJC_ISA_USAGE = YES_ERROR;
				CLANG_WARN_DOCUMENTATION_COMMENTS = YES;
				CLANG_WARN_EMPTY_BODY = YES;
				CLANG_WARN_ENUM_CONVERSION = YES;
				CLANG_WARN_INFINITE_RECURSION = YES;
				CLANG_WARN_INT_CONVERSION = YES;
				CLANG_WARN_NON_LITERAL_NULL_CONVERSION = YES;
				CLANG_WARN_OBJC_IMPLICIT_RETAIN_SELF = YES;
				CLANG_WARN_OBJC_LITERAL_CONVERSION = YES;
				CLANG_WARN_OBJC_ROOT_CLASS = YES_ERROR;
				CLANG_WARN_QUOTED_INCLUDE_IN_FRAMEWORK_HEADER = YES;
				CLANG_WARN_RANGE_LOOP_ANALYSIS = YES;
				CLANG_WARN_STRICT_PROTOTYPES = YES;
				CLANG_WARN_SUSPICIOUS_MOVE = YES;
				CLANG_WARN_UNGUARDED_AVAILABILITY = YES_AGGRESSIVE;
				CLANG_WARN_UNREACHABLE_CODE = YES;
				CLANG_WARN__DUPLICATE_METHOD_MATCH = YES;
				COPY_PHASE_STRIP = NO;
				DEBUG_INFORMATION_FORMAT = dwarf;
				ENABLE_STRICT_OBJC_MSGSEND = YES;
				ENABLE_TESTABILITY = YES;
				ENABLE_USER_SCRIPT_SANDBOXING = YES;
				GCC_C_LANGUAGE_STANDARD = gnu17;
				GCC_DYNAMIC_NO_PIC = NO;
				GCC_NO_COMMON_BLOCKS = YES;
				GCC_OPTIMIZATION_LEVEL = 0;
				GCC_PREPROCESSOR_DEFINITIONS = (
					"DEBUG=1",
					"$(inherited)",
				);
				GCC_WARN_64_TO_32_BIT_CONVERSION = YES;
				GCC_WARN_ABOUT_RETURN_TYPE = YES_ERROR;
				GCC_WARN_UNDECLARED_SELECTOR = YES;
				GCC_WARN_UNINITIALIZED_AUTOS = YES_AGGRESSIVE;
				GCC_WARN_UNUSED_FUNCTION = YES;
				GCC_WARN_UNUSED_VARIABLE = YES;
				INFOPLIST_FILE = "$(SRCROOT)/A_E_Charting/Info.plist";
				IPHONEOS_DEPLOYMENT_TARGET = 18.5;
				LOCALIZATION_PREFERS_STRING_CATALOGS = YES;
				MTL_ENABLE_DEBUG_INFO = INCLUDE_SOURCE;
				MTL_FAST_MATH = YES;
				ONLY_ACTIVE_ARCH = YES;
				SDKROOT = iphoneos;
				SWIFT_ACTIVE_COMPILATION_CONDITIONS = "DEBUG $(inherited)";
				SWIFT_OPTIMIZATION_LEVEL = "-Onone";
			};
			name = Debug;
		};
		094FF7882E0F269D00A212F7 /* Release */ = {
			isa = XCBuildConfiguration;
			buildSettings = {
				ALWAYS_SEARCH_USER_PATHS = NO;
				ASSETCATALOG_COMPILER_GENERATE_SWIFT_ASSET_SYMBOL_EXTENSIONS = YES;
				CLANG_ANALYZER_NONNULL = YES;
				CLANG_ANALYZER_NUMBER_OBJECT_CONVERSION = YES_AGGRESSIVE;
				CLANG_CXX_LANGUAGE_STANDARD = "gnu++20";
				CLANG_ENABLE_MODULES = YES;
				CLANG_ENABLE_OBJC_ARC = YES;
				CLANG_ENABLE_OBJC_WEAK = YES;
				CLANG_WARN_BLOCK_CAPTURE_AUTORELEASING = YES;
				CLANG_WARN_BOOL_CONVERSION = YES;
				CLANG_WARN_COMMA = YES;
				CLANG_WARN_CONSTANT_CONVERSION = YES;
				CLANG_WARN_DEPRECATED_OBJC_IMPLEMENTATIONS = YES;
				CLANG_WARN_DIRECT_OBJC_ISA_USAGE = YES_ERROR;
				CLANG_WARN_DOCUMENTATION_COMMENTS = YES;
				CLANG_WARN_EMPTY_BODY = YES;
				CLANG_WARN_ENUM_CONVERSION = YES;
				CLANG_WARN_INFINITE_RECURSION = YES;
				CLANG_WARN_INT_CONVERSION = YES;
				CLANG_WARN_NON_LITERAL_NULL_CONVERSION = YES;
				CLANG_WARN_OBJC_IMPLICIT_RETAIN_SELF = YES;
				CLANG_WARN_OBJC_LITERAL_CONVERSION = YES;
				CLANG_WARN_OBJC_ROOT_CLASS = YES_ERROR;
				CLANG_WARN_QUOTED_INCLUDE_IN_FRAMEWORK_HEADER = YES;
				CLANG_WARN_RANGE_LOOP_ANALYSIS = YES;
				CLANG_WARN_STRICT_PROTOTYPES = YES;
				CLANG_WARN_SUSPICIOUS_MOVE = YES;
				CLANG_WARN_UNGUARDED_AVAILABILITY = YES_AGGRESSIVE;
				CLANG_WARN_UNREACHABLE_CODE = YES;
				CLANG_WARN__DUPLICATE_METHOD_MATCH = YES;
				COPY_PHASE_STRIP = NO;
				DEBUG_INFORMATION_FORMAT = "dwarf-with-dsym";
				ENABLE_NS_ASSERTIONS = NO;
				ENABLE_STRICT_OBJC_MSGSEND = YES;
				ENABLE_USER_SCRIPT_SANDBOXING = YES;
				GCC_C_LANGUAGE_STANDARD = gnu17;
				GCC_NO_COMMON_BLOCKS = YES;
				GCC_WARN_64_TO_32_BIT_CONVERSION = YES;
				GCC_WARN_ABOUT_RETURN_TYPE = YES_ERROR;
				GCC_WARN_UNDECLARED_SELECTOR = YES;
				GCC_WARN_UNINITIALIZED_AUTOS = YES_AGGRESSIVE;
				GCC_WARN_UNUSED_FUNCTION = YES;
				GCC_WARN_UNUSED_VARIABLE = YES;
				INFOPLIST_FILE = "$(SRCROOT)/A_E_Charting/Info.plist";
				IPHONEOS_DEPLOYMENT_TARGET = 18.5;
				LOCALIZATION_PREFERS_STRING_CATALOGS = YES;
				MTL_ENABLE_DEBUG_INFO = NO;
				MTL_FAST_MATH = YES;
				SDKROOT = iphoneos;
				SWIFT_COMPILATION_MODE = wholemodule;
				VALIDATE_PRODUCT = YES;
			};
			name = Release;
		};
		094FF78A2E0F269D00A212F7 /* Debug */ = {
			isa = XCBuildConfiguration;
			buildSettings = {
				ASSETCATALOG_COMPILER_APPICON_NAME = AppIcon;
				ASSETCATALOG_COMPILER_GLOBAL_ACCENT_COLOR_NAME = AccentColor;
				CODE_SIGN_STYLE = Automatic;
				CURRENT_PROJECT_VERSION = 1;
				DEVELOPMENT_TEAM = 8TFXJ4ZGFF;
				ENABLE_PREVIEWS = YES;
				GENERATE_INFOPLIST_FILE = YES;
				INFOPLIST_FILE = "$(SRCROOT)/A_E_Charting/Info.plist";
				INFOPLIST_KEY_UIApplicationSceneManifest_Generation = YES;
				INFOPLIST_KEY_UIApplicationSupportsIndirectInputEvents = YES;
				INFOPLIST_KEY_UILaunchScreen_Generation = YES;
				INFOPLIST_KEY_UISupportedInterfaceOrientations_iPad = "UIInterfaceOrientationPortrait UIInterfaceOrientationPortraitUpsideDown UIInterfaceOrientationLandscapeLeft UIInterfaceOrientationLandscapeRight";
				INFOPLIST_KEY_UISupportedInterfaceOrientations_iPhone = "UIInterfaceOrientationPortrait UIInterfaceOrientationLandscapeLeft UIInterfaceOrientationLandscapeRight";
				LD_RUNPATH_SEARCH_PATHS = (
					"$(inherited)",
					"@executable_path/Frameworks",
				);
				MARKETING_VERSION = 1.0;
				PRODUCT_BUNDLE_IDENTIFIER = "com.aestheticsandelectrology.A-E-Charting";
				PRODUCT_NAME = "$(TARGET_NAME)";
				SWIFT_EMIT_LOC_STRINGS = YES;
				SWIFT_VERSION = 5.0;
				TARGETED_DEVICE_FAMILY = "1,2";
			};
			name = Debug;
		};
		094FF78B2E0F269D00A212F7 /* Release */ = {
			isa = XCBuildConfiguration;
			buildSettings = {
				ASSETCATALOG_COMPILER_APPICON_NAME = AppIcon;
				ASSETCATALOG_COMPILER_GLOBAL_ACCENT_COLOR_NAME = AccentColor;
				CODE_SIGN_STYLE = Automatic;
				CURRENT_PROJECT_VERSION = 1;
				DEVELOPMENT_TEAM = 8TFXJ4ZGFF;
				ENABLE_PREVIEWS = YES;
				GENERATE_INFOPLIST_FILE = YES;
				INFOPLIST_FILE = "$(SRCROOT)/A_E_Charting/Info.plist";
				INFOPLIST_KEY_UIApplicationSceneManifest_Generation = YES;
				INFOPLIST_KEY_UIApplicationSupportsIndirectInputEvents = YES;
				INFOPLIST_KEY_UILaunchScreen_Generation = YES;
				INFOPLIST_KEY_UISupportedInterfaceOrientations_iPad = "UIInterfaceOrientationPortrait UIInterfaceOrientationPortraitUpsideDown UIInterfaceOrientationLandscapeLeft UIInterfaceOrientationLandscapeRight";
				INFOPLIST_KEY_UISupportedInterfaceOrientations_iPhone = "UIInterfaceOrientationPortrait UIInterfaceOrientationLandscapeLeft UIInterfaceOrientationLandscapeRight";
				LD_RUNPATH_SEARCH_PATHS = (
					"$(inherited)",
					"@executable_path/Frameworks",
				);
				MARKETING_VERSION = 1.0;
				PRODUCT_BUNDLE_IDENTIFIER = "com.aestheticsandelectrology.A-E-Charting";
				PRODUCT_NAME = "$(TARGET_NAME)";
				SWIFT_EMIT_LOC_STRINGS = YES;
				SWIFT_VERSION = 5.0;
				TARGETED_DEVICE_FAMILY = "1,2";
			};
			name = Release;
		};
		094FF78D2E0F269D00A212F7 /* Debug */ = {
			isa = XCBuildConfiguration;
			buildSettings = {
				BUNDLE_LOADER = "$(TEST_HOST)";
				CODE_SIGN_STYLE = Automatic;
				CURRENT_PROJECT_VERSION = 1;
				GENERATE_INFOPLIST_FILE = YES;
				IPHONEOS_DEPLOYMENT_TARGET = 18.5;
				MARKETING_VERSION = 1.0;
				PRODUCT_BUNDLE_IDENTIFIER = "com.aestheticsandelectrology.A-E-ChartingTests";
				PRODUCT_NAME = "$(TARGET_NAME)";
				SWIFT_EMIT_LOC_STRINGS = NO;
				SWIFT_VERSION = 5.0;
				TARGETED_DEVICE_FAMILY = "1,2";
				TEST_HOST = "$(BUILT_PRODUCTS_DIR)/Pluckr.app/$(BUNDLE_EXECUTABLE_FOLDER_PATH)/Pluckr";
			};
			name = Debug;
		};
		094FF78E2E0F269D00A212F7 /* Release */ = {
			isa = XCBuildConfiguration;
			buildSettings = {
				BUNDLE_LOADER = "$(TEST_HOST)";
				CODE_SIGN_STYLE = Automatic;
				CURRENT_PROJECT_VERSION = 1;
				GENERATE_INFOPLIST_FILE = YES;
				IPHONEOS_DEPLOYMENT_TARGET = 18.5;
				MARKETING_VERSION = 1.0;
				PRODUCT_BUNDLE_IDENTIFIER = "com.aestheticsandelectrology.A-E-ChartingTests";
				PRODUCT_NAME = "$(TARGET_NAME)";
				SWIFT_EMIT_LOC_STRINGS = NO;
				SWIFT_VERSION = 5.0;
				TARGETED_DEVICE_FAMILY = "1,2";
				TEST_HOST = "$(BUILT_PRODUCTS_DIR)/Pluckr.app/$(BUNDLE_EXECUTABLE_FOLDER_PATH)/Pluckr";
			};
			name = Release;
		};
		094FF7902E0F269D00A212F7 /* Debug */ = {
			isa = XCBuildConfiguration;
			buildSettings = {
				CODE_SIGN_STYLE = Automatic;
				CURRENT_PROJECT_VERSION = 1;
				GENERATE_INFOPLIST_FILE = YES;
				MARKETING_VERSION = 1.0;
				PRODUCT_BUNDLE_IDENTIFIER = "com.aestheticsandelectrology.A-E-ChartingUITests";
				PRODUCT_NAME = "$(TARGET_NAME)";
				SWIFT_EMIT_LOC_STRINGS = NO;
				SWIFT_VERSION = 5.0;
				TARGETED_DEVICE_FAMILY = "1,2";
				TEST_TARGET_NAME = A_E_Charting;
			};
			name = Debug;
		};
		094FF7912E0F269D00A212F7 /* Release */ = {
			isa = XCBuildConfiguration;
			buildSettings = {
				CODE_SIGN_STYLE = Automatic;
				CURRENT_PROJECT_VERSION = 1;
				GENERATE_INFOPLIST_FILE = YES;
				MARKETING_VERSION = 1.0;
				PRODUCT_BUNDLE_IDENTIFIER = "com.aestheticsandelectrology.A-E-ChartingUITests";
				PRODUCT_NAME = "$(TARGET_NAME)";
				SWIFT_EMIT_LOC_STRINGS = NO;
				SWIFT_VERSION = 5.0;
				TARGETED_DEVICE_FAMILY = "1,2";
				TEST_TARGET_NAME = A_E_Charting;
			};
			name = Release;
		};
/* End XCBuildConfiguration section */

/* Begin XCConfigurationList section */
		094FF7632E0F269B00A212F7 /* Build configuration list for PBXProject "Pluckr" */ = {
			isa = XCConfigurationList;
			buildConfigurations = (
				094FF7872E0F269D00A212F7 /* Debug */,
				094FF7882E0F269D00A212F7 /* Release */,
			);
			defaultConfigurationIsVisible = 0;
			defaultConfigurationName = Release;
		};
		094FF7892E0F269D00A212F7 /* Build configuration list for PBXNativeTarget "Pluckr" */ = {
			isa = XCConfigurationList;
			buildConfigurations = (
				094FF78A2E0F269D00A212F7 /* Debug */,
				094FF78B2E0F269D00A212F7 /* Release */,
			);
			defaultConfigurationIsVisible = 0;
			defaultConfigurationName = Release;
		};
		094FF78C2E0F269D00A212F7 /* Build configuration list for PBXNativeTarget "PluckrTests" */ = {
			isa = XCConfigurationList;
			buildConfigurations = (
				094FF78D2E0F269D00A212F7 /* Debug */,
				094FF78E2E0F269D00A212F7 /* Release */,
			);
			defaultConfigurationIsVisible = 0;
			defaultConfigurationName = Release;
		};
		094FF78F2E0F269D00A212F7 /* Build configuration list for PBXNativeTarget "PluckrUITests" */ = {
			isa = XCConfigurationList;
			buildConfigurations = (
				094FF7902E0F269D00A212F7 /* Debug */,
				094FF7912E0F269D00A212F7 /* Release */,
			);
			defaultConfigurationIsVisible = 0;
			defaultConfigurationName = Release;
		};
/* End XCConfigurationList section */

/* Begin XCRemoteSwiftPackageReference section */
		094FF7942E0F2AC100A212F7 /* XCRemoteSwiftPackageReference "firebase-ios-sdk" */ = {
			isa = XCRemoteSwiftPackageReference;
			repositoryURL = "https://github.com/firebase/firebase-ios-sdk";
			requirement = {
				kind = upToNextMajorVersion;
				minimumVersion = 11.15.0;
			};
		};
/* End XCRemoteSwiftPackageReference section */

/* Begin XCSwiftPackageProductDependency section */
		094FF7952E0F2AC100A212F7 /* FirebaseAuth */ = {
			isa = XCSwiftPackageProductDependency;
			package = 094FF7942E0F2AC100A212F7 /* XCRemoteSwiftPackageReference "firebase-ios-sdk" */;
			productName = FirebaseAuth;
		};
		094FF7972E0F2AC100A212F7 /* FirebaseFirestore */ = {
			isa = XCSwiftPackageProductDependency;
			package = 094FF7942E0F2AC100A212F7 /* XCRemoteSwiftPackageReference "firebase-ios-sdk" */;
			productName = FirebaseFirestore;
		};
		094FF7992E0F2AC100A212F7 /* FirebaseStorage */ = {
			isa = XCSwiftPackageProductDependency;
			package = 094FF7942E0F2AC100A212F7 /* XCRemoteSwiftPackageReference "firebase-ios-sdk" */;
			productName = FirebaseStorage;
		};
/* End XCSwiftPackageProductDependency section */
	};
	rootObject = 094FF7602E0F269B00A212F7 /* Project object */;
}
